<?xml version="1.0" encoding="utf-8"?>
<Project ToolsVersion="4.0" xmlns="http://schemas.microsoft.com/developer/msbuild/2003">
  <ItemGroup>
    <Filter Include="소스 파일">
      <UniqueIdentifier>{4FC737F1-C7A5-4376-A066-2A32D752A2FF}</UniqueIdentifier>
      <Extensions>cpp;c;cc;cxx;c++;cppm;ixx;def;odl;idl;hpj;bat;asm;asmx</Extensions>
    </Filter>
    <Filter Include="헤더 파일">
      <UniqueIdentifier>{93995380-89BD-4b04-88EB-625FBE52EBFB}</UniqueIdentifier>
      <Extensions>h;hh;hpp;hxx;h++;hm;inl;inc;ipp;xsd</Extensions>
    </Filter>
    <Filter Include="리소스 파일">
      <UniqueIdentifier>{67DA6AB6-F800-4c08-8B7A-83BB121AAD01}</UniqueIdentifier>
      <Extensions>rc;ico;cur;bmp;dlg;rc2;rct;bin;rgs;gif;jpg;jpeg;jpe;resx;tiff;tif;png;wav;mfcribbon-ms</Extensions>
    </Filter>
  </ItemGroup>
  <ItemGroup>
    <ClCompile Include="main.cpp">
      <Filter>소스 파일</Filter>
    </ClCompile>
    <ClCompile Include="Engine\Core\Core.cpp">
      <Filter>소스 파일</Filter>
    </ClCompile>
    <ClCompile Include="Headers\functions.cpp">
      <Filter>소스 파일</Filter>
    </ClCompile>
    <ClCompile Include="Game.cpp">
      <Filter>소스 파일</Filter>
    </ClCompile>
    <ClCompile Include="Engine\Core\Manager\Device\Device.cpp">
      <Filter>소스 파일</Filter>
    </ClCompile>
    <ClCompile Include="Framework.cpp">
      <Filter>소스 파일</Filter>
    </ClCompile>
    <ClCompile Include="Engine\Core\Manager\Timer\Timer.cpp">
      <Filter>소스 파일</Filter>
    </ClCompile>
    <ClCompile Include="Engine\Core\Manager\Input\Input.cpp">
      <Filter>소스 파일</Filter>
    </ClCompile>
    <ClCompile Include="Engine\Core\Manager\Path\PathMgr.cpp">
      <Filter>소스 파일</Filter>
    </ClCompile>
    <ClCompile Include="Engine\Core\Manager\Scene\Scene.cpp">
      <Filter>소스 파일</Filter>
    </ClCompile>
    <ClCompile Include="Engine\Core\Manager\Scene\SceneMgr.cpp">
      <Filter>소스 파일</Filter>
    </ClCompile>
    <ClCompile Include="Engine\Object\GameObject.cpp">
      <Filter>소스 파일</Filter>
    </ClCompile>
    <ClCompile Include="Engine\Component\Component.cpp">
      <Filter>소스 파일</Filter>
    </ClCompile>
    <ClCompile Include="Game\Scenes\Test\TestScene.cpp">
      <Filter>소스 파일</Filter>
    </ClCompile>
    <ClCompile Include="Game\Objects\etc\TestObject.cpp">
      <Filter>소스 파일</Filter>
    </ClCompile>
    <ClCompile Include="Lib\TweakBar\TweakBar.cpp">
      <Filter>소스 파일</Filter>
    </ClCompile>
    <ClCompile Include="Engine\Core\Manager\Texture\Texture.cpp">
      <Filter>소스 파일</Filter>
    </ClCompile>
    <ClCompile Include="Game\Scenes\Tool\ToolScene.cpp">
      <Filter>소스 파일</Filter>
    </ClCompile>
    <ClCompile Include="Game\Objects\etc\TestObject2.cpp">
      <Filter>소스 파일</Filter>
    </ClCompile>
    <ClCompile Include="Engine\Object\Transform.cpp">
      <Filter>소스 파일</Filter>
    </ClCompile>
    <ClCompile Include="Engine\Core\Manager\Texture\TextureMgr.cpp">
      <Filter>소스 파일</Filter>
    </ClCompile>
    <ClCompile Include="Engine\Singleton\Shader\Shader.cpp">
      <Filter>소스 파일</Filter>
    </ClCompile>
    <ClCompile Include="Engine\Component\Animator\Animator.cpp">
      <Filter>소스 파일</Filter>
    </ClCompile>
    <ClCompile Include="Engine\Component\Animator\Animation.cpp">
      <Filter>소스 파일</Filter>
    </ClCompile>
    <ClCompile Include="Lib\XML.cpp">
      <Filter>소스 파일</Filter>
    </ClCompile>
  </ItemGroup>
  <ItemGroup>
    <ClInclude Include="Framework.h">
      <Filter>헤더 파일</Filter>
    </ClInclude>
    <ClInclude Include="Headers\ConstNMacro.h">
      <Filter>헤더 파일</Filter>
    </ClInclude>
    <ClInclude Include="Engine\Core\Core.h">
      <Filter>헤더 파일</Filter>
    </ClInclude>
    <ClInclude Include="Headers\Types.h">
      <Filter>헤더 파일</Filter>
    </ClInclude>
    <ClInclude Include="Headers\Enums.h">
      <Filter>헤더 파일</Filter>
    </ClInclude>
    <ClInclude Include="Headers\functions.h">
      <Filter>헤더 파일</Filter>
    </ClInclude>
    <ClInclude Include="Game.h">
      <Filter>헤더 파일</Filter>
    </ClInclude>
    <ClInclude Include="Engine\Core\Manager\Device\Device.h">
      <Filter>헤더 파일</Filter>
    </ClInclude>
    <ClInclude Include="Engine\Core\Manager\Timer\Timer.h">
      <Filter>헤더 파일</Filter>
    </ClInclude>
    <ClInclude Include="resource.h">
      <Filter>헤더 파일</Filter>
    </ClInclude>
    <ClInclude Include="Engine\Core\Manager\Input\Input.h">
      <Filter>헤더 파일</Filter>
    </ClInclude>
    <ClInclude Include="Engine\Core\Manager\Path\PathMgr.h">
      <Filter>헤더 파일</Filter>
    </ClInclude>
    <ClInclude Include="Engine\Core\Manager\Scene\Scene.h">
      <Filter>헤더 파일</Filter>
    </ClInclude>
    <ClInclude Include="Engine\Core\Manager\Scene\SceneMgr.h">
      <Filter>헤더 파일</Filter>
    </ClInclude>
    <ClInclude Include="Engine\Object\GameObject.h">
      <Filter>헤더 파일</Filter>
    </ClInclude>
    <ClInclude Include="Engine\Component\Component.h">
      <Filter>헤더 파일</Filter>
    </ClInclude>
    <ClInclude Include="Game\Scenes\Test\TestScene.h">
      <Filter>헤더 파일</Filter>
    </ClInclude>
    <ClInclude Include="Game\Objects\etc\TestObject.h">
      <Filter>헤더 파일</Filter>
    </ClInclude>
    <ClInclude Include="Lib\TweakBar\TweakBar.h">
      <Filter>헤더 파일</Filter>
    </ClInclude>
    <ClInclude Include="Lib\include\AntTweakBar.h">
      <Filter>헤더 파일</Filter>
    </ClInclude>
    <ClInclude Include="Lib\AntTweakBar.h">
      <Filter>헤더 파일</Filter>
    </ClInclude>
    <ClInclude Include="Engine\Core\Manager\Texture\Texture.h">
      <Filter>헤더 파일</Filter>
    </ClInclude>
    <ClInclude Include="Game\Scenes\Tool\ToolScene.h">
      <Filter>헤더 파일</Filter>
    </ClInclude>
    <ClInclude Include="Game\Scenes\Scenes.h">
      <Filter>헤더 파일</Filter>
    </ClInclude>
    <ClInclude Include="Game\Objects\etc\TestObject2.h">
      <Filter>헤더 파일</Filter>
    </ClInclude>
    <ClInclude Include="Engine\Object\Transform.h">
      <Filter>헤더 파일</Filter>
    </ClInclude>
    <ClInclude Include="Engine\Core\Manager\Texture\TextureMgr.h">
      <Filter>헤더 파일</Filter>
    </ClInclude>
    <ClInclude Include="Engine\Singleton\Shader\Shader.h">
      <Filter>헤더 파일</Filter>
    </ClInclude>
    <ClInclude Include="Engine\Component\Animator\Animator.h">
      <Filter>헤더 파일</Filter>
    </ClInclude>
    <ClInclude Include="Engine\Component\Animator\Animation.h">
      <Filter>헤더 파일</Filter>
    </ClInclude>
    <ClInclude Include="Lib\XML.h">
      <Filter>헤더 파일</Filter>
    </ClInclude>
  </ItemGroup>
  <ItemGroup>
    <ResourceCompile Include="ProjectD2.rc">
      <Filter>리소스 파일</Filter>
    </ResourceCompile>
  </ItemGroup>
  <ItemGroup>
    <Image Include="Resource\icon1.ico">
      <Filter>리소스 파일</Filter>
    </Image>
  </ItemGroup>
  <ItemGroup>
    <Library Include="Lib\lib\AntTweakBar.lib" />
    <Library Include="Lib\lib\AntTweakBar64.lib" />
  </ItemGroup>
  <ItemGroup>
    <None Include="AntTweakBar.dll" />
    <None Include="AntTweakBar64.dll" />
  </ItemGroup>
  <ItemGroup>
    <FxCompile Include="Engine\Resource\Shader\AlphaShader.hlsl" />
    <FxCompile Include="Engine\Resource\Shader\OutlineShader.hlsl" />
  </ItemGroup>
</Project>